
Microsoft Visual Studio Solution File, Format Version 12.00
# Visual Studio 2013
VisualStudioVersion = 12.0.40629.0
MinimumVisualStudioVersion = 10.0.40219.1
Project("{FAE04EC0-301F-11D3-BF4B-00C04F79EFBC}") = "MvcProject", "MvcProject\MvcProject.csproj", "{D5354F16-FA2A-4D3F-BE01-2E46802616AE}"
EndProject
Project("{FAE04EC0-301F-11D3-BF4B-00C04F79EFBC}") = "Domain", "Domain\Domain.csproj", "{95C4E9BB-1A52-4B80-8069-441EDA45829E}"
EndProject
Project("{FAE04EC0-301F-11D3-BF4B-00C04F79EFBC}") = "BusinessLogic", "BusinessLogic\BusinessLogic.csproj", "{C6A8BA57-73A9-463A-B9C5-1245B3673751}"
EndProject
Global
	GlobalSection(SolutionConfigurationPlatforms) = preSolution
		Debug|Any CPU = Debug|Any CPU
		Release|Any CPU = Release|Any CPU
	EndGlobalSection
	GlobalSection(ProjectConfigurationPlatforms) = postSolution
		{D5354F16-FA2A-4D3F-BE01-2E46802616AE}.Debug|Any CPU.ActiveCfg = Debug|Any CPU
		{D5354F16-FA2A-4D3F-BE01-2E46802616AE}.Debug|Any CPU.Build.0 = Debug|Any CPU
		{D5354F16-FA2A-4D3F-BE01-2E46802616AE}.Release|Any CPU.ActiveCfg = Release|Any CPU
		{D5354F16-FA2A-4D3F-BE01-2E46802616AE}.Release|Any CPU.Build.0 = Release|Any CPU
		{95C4E9BB-1A52-4B80-8069-441EDA45829E}.Debug|Any CPU.ActiveCfg = Debug|Any CPU
		{95C4E9BB-1A52-4B80-8069-441EDA45829E}.Debug|Any CPU.Build.0 = Debug|Any CPU
		{95C4E9BB-1A52-4B80-8069-441EDA45829E}.Release|Any CPU.ActiveCfg = Release|Any CPU
		{95C4E9BB-1A52-4B80-8069-441EDA45829E}.Release|Any CPU.Build.0 = Release|Any CPU
		{C6A8BA57-73A9-463A-B9C5-1245B3673751}.Debug|Any CPU.ActiveCfg = Debug|Any CPU
		{C6A8BA57-73A9-463A-B9C5-1245B3673751}.Debug|Any CPU.Build.0 = Debug|Any CPU
		{C6A8BA57-73A9-463A-B9C5-1245B3673751}.Release|Any CPU.ActiveCfg = Release|Any CPU
		{C6A8BA57-73A9-463A-B9C5-1245B3673751}.Release|Any CPU.Build.0 = Release|Any CPU
	EndGlobalSection
	GlobalSection(SolutionProperties) = preSolution
		HideSolutionNode = FALSE
	EndGlobalSection
EndGlobal
